Microsoft Visual Studio Solution File, Format Version 12.00
# Visual Studio 15
VisualStudioVersion = 15.0.27130.2036
MinimumVisualStudioVersion = 10.0.40219.1
Project("{2150E333-8FDC-42A3-9474-1A3956D46DE8}") = "Solution Items", "Solution Items", "{5A9FB0F5-04B0-446D-8B29-E39B54612CCD}"
	ProjectSection(SolutionItems) = preProject
		.gitattributes = .gitattributes
		.gitignore = .gitignore
		appveyor.yml = appveyor.yml
		README.md = README.md
	EndProjectSection
EndProject
Project("{9A19103F-16F7-4668-BE54-9A1E7A4F7556}") = "Diversion", "Diversion\Diversion.csproj", "{9DC653C2-5B9B-4696-8F06-7834D5CDC18C}"
EndProject
Project("{9A19103F-16F7-4668-BE54-9A1E7A4F7556}") = "Diversion.Test", "Diversion.Test\Diversion.Test.csproj", "{2B271B79-A59A-4A77-9BB8-B8DC67C89574}"
EndProject
Project("{9A19103F-16F7-4668-BE54-9A1E7A4F7556}") = "Diversion.CLI", "Diversion.CLI\Diversion.CLI.csproj", "{CC204C8F-32C3-41C1-B1F2-518FFAF10C93}"
EndProject
Project("{9A19103F-16F7-4668-BE54-9A1E7A4F7556}") = "Diversion.MSBuild", "Diversion.MSBuild\Diversion.MSBuild.csproj", "{F2DAFAE5-A58A-41DC-9905-727B9DF83FFF}"
EndProject
Project("{9A19103F-16F7-4668-BE54-9A1E7A4F7556}") = "Diversion.Cecil", "Diversion.Cecil\Diversion.Cecil.csproj", "{9D6F0F49-2BC9-42B1-B58B-63122B1A3FA3}"
EndProject
Project("{9A19103F-16F7-4668-BE54-9A1E7A4F7556}") = "Diversion.Cecil.Test", "Diversion.Cecil.Test\Diversion.Cecil.Test.csproj", "{A30DE1E3-AF02-4DF1-BCF6-B8103BA39BFE}"
EndProject
Project("{9A19103F-16F7-4668-BE54-9A1E7A4F7556}") = "Diversion.Reflection", "Diversion.Reflection\Diversion.Reflection.csproj", "{84FEB207-588D-4ABF-B8ED-B91E04F247F1}"
EndProject
Project("{9A19103F-16F7-4668-BE54-9A1E7A4F7556}") = "Diversion.CLI.Test", "Diversion.CLI.Test\Diversion.CLI.Test.csproj", "{6A74DB39-27B4-486F-9472-069D1A146A25}"
EndProject
Project("{9A19103F-16F7-4668-BE54-9A1E7A4F7556}") = "diver-analyze", "diver-analyze\diver-analyze.csproj", "{7F4C61BC-54D6-4894-B4D8-BB1ED6E291D4}"
EndProject
Project("{9A19103F-16F7-4668-BE54-9A1E7A4F7556}") = "diver-acquire", "diver-acquire\diver-acquire.csproj", "{DD5854F0-0E1C-4CEC-90CC-4BA6E7398FC2}"
EndProject
Project("{9A19103F-16F7-4668-BE54-9A1E7A4F7556}") = "diver", "diver\diver.csproj", "{2EEE99F0-E51F-4277-8F10-7E0E37B823FF}"
EndProject
Project("{FAE04EC0-301F-11D3-BF4B-00C04F79EFBC}") = "Diversion.Reflection.Test", "Diversion.Reflection.Test\Diversion.Reflection.Test.csproj", "{2B59DA34-9DB4-4702-ADFF-771C8048E41D}"
EndProject
Global
	GlobalSection(SolutionConfigurationPlatforms) = preSolution
		Debug|Any CPU = Debug|Any CPU
		Release|Any CPU = Release|Any CPU
	EndGlobalSection
	GlobalSection(ProjectConfigurationPlatforms) = postSolution
		{9DC653C2-5B9B-4696-8F06-7834D5CDC18C}.Debug|Any CPU.ActiveCfg = Debug|Any CPU
		{9DC653C2-5B9B-4696-8F06-7834D5CDC18C}.Debug|Any CPU.Build.0 = Debug|Any CPU
		{9DC653C2-5B9B-4696-8F06-7834D5CDC18C}.Release|Any CPU.ActiveCfg = Release|Any CPU
		{9DC653C2-5B9B-4696-8F06-7834D5CDC18C}.Release|Any CPU.Build.0 = Release|Any CPU
		{2B271B79-A59A-4A77-9BB8-B8DC67C89574}.Debug|Any CPU.ActiveCfg = Debug|Any CPU
		{2B271B79-A59A-4A77-9BB8-B8DC67C89574}.Debug|Any CPU.Build.0 = Debug|Any CPU
		{2B271B79-A59A-4A77-9BB8-B8DC67C89574}.Release|Any CPU.ActiveCfg = Release|Any CPU
		{2B271B79-A59A-4A77-9BB8-B8DC67C89574}.Release|Any CPU.Build.0 = Release|Any CPU
		{CC204C8F-32C3-41C1-B1F2-518FFAF10C93}.Debug|Any CPU.ActiveCfg = Debug|Any CPU
		{CC204C8F-32C3-41C1-B1F2-518FFAF10C93}.Debug|Any CPU.Build.0 = Debug|Any CPU
		{CC204C8F-32C3-41C1-B1F2-518FFAF10C93}.Release|Any CPU.ActiveCfg = Release|Any CPU
		{CC204C8F-32C3-41C1-B1F2-518FFAF10C93}.Release|Any CPU.Build.0 = Release|Any CPU
		{F2DAFAE5-A58A-41DC-9905-727B9DF83FFF}.Debug|Any CPU.ActiveCfg = Debug|Any CPU
		{F2DAFAE5-A58A-41DC-9905-727B9DF83FFF}.Debug|Any CPU.Build.0 = Debug|Any CPU
		{F2DAFAE5-A58A-41DC-9905-727B9DF83FFF}.Release|Any CPU.ActiveCfg = Release|Any CPU
		{F2DAFAE5-A58A-41DC-9905-727B9DF83FFF}.Release|Any CPU.Build.0 = Release|Any CPU
		{9D6F0F49-2BC9-42B1-B58B-63122B1A3FA3}.Debug|Any CPU.ActiveCfg = Debug|Any CPU
		{9D6F0F49-2BC9-42B1-B58B-63122B1A3FA3}.Debug|Any CPU.Build.0 = Debug|Any CPU
		{9D6F0F49-2BC9-42B1-B58B-63122B1A3FA3}.Release|Any CPU.ActiveCfg = Release|Any CPU
		{9D6F0F49-2BC9-42B1-B58B-63122B1A3FA3}.Release|Any CPU.Build.0 = Release|Any CPU
		{A30DE1E3-AF02-4DF1-BCF6-B8103BA39BFE}.Debug|Any CPU.ActiveCfg = Debug|Any CPU
		{A30DE1E3-AF02-4DF1-BCF6-B8103BA39BFE}.Debug|Any CPU.Build.0 = Debug|Any CPU
		{A30DE1E3-AF02-4DF1-BCF6-B8103BA39BFE}.Release|Any CPU.ActiveCfg = Release|Any CPU
		{A30DE1E3-AF02-4DF1-BCF6-B8103BA39BFE}.Release|Any CPU.Build.0 = Release|Any CPU
		{84FEB207-588D-4ABF-B8ED-B91E04F247F1}.Debug|Any CPU.ActiveCfg = Debug|Any CPU
		{84FEB207-588D-4ABF-B8ED-B91E04F247F1}.Debug|Any CPU.Build.0 = Debug|Any CPU
		{84FEB207-588D-4ABF-B8ED-B91E04F247F1}.Release|Any CPU.ActiveCfg = Release|Any CPU
		{84FEB207-588D-4ABF-B8ED-B91E04F247F1}.Release|Any CPU.Build.0 = Release|Any CPU
		{6A74DB39-27B4-486F-9472-069D1A146A25}.Debug|Any CPU.ActiveCfg = Debug|Any CPU
		{6A74DB39-27B4-486F-9472-069D1A146A25}.Debug|Any CPU.Build.0 = Debug|Any CPU
		{6A74DB39-27B4-486F-9472-069D1A146A25}.Release|Any CPU.ActiveCfg = Release|Any CPU
		{6A74DB39-27B4-486F-9472-069D1A146A25}.Release|Any CPU.Build.0 = Release|Any CPU
		{7F4C61BC-54D6-4894-B4D8-BB1ED6E291D4}.Debug|Any CPU.ActiveCfg = Debug|Any CPU
		{7F4C61BC-54D6-4894-B4D8-BB1ED6E291D4}.Debug|Any CPU.Build.0 = Debug|Any CPU
		{7F4C61BC-54D6-4894-B4D8-BB1ED6E291D4}.Release|Any CPU.ActiveCfg = Release|Any CPU
		{7F4C61BC-54D6-4894-B4D8-BB1ED6E291D4}.Release|Any CPU.Build.0 = Release|Any CPU
		{DD5854F0-0E1C-4CEC-90CC-4BA6E7398FC2}.Debug|Any CPU.ActiveCfg = Debug|Any CPU
		{DD5854F0-0E1C-4CEC-90CC-4BA6E7398FC2}.Debug|Any CPU.Build.0 = Debug|Any CPU
		{DD5854F0-0E1C-4CEC-90CC-4BA6E7398FC2}.Release|Any CPU.ActiveCfg = Release|Any CPU
		{DD5854F0-0E1C-4CEC-90CC-4BA6E7398FC2}.Release|Any CPU.Build.0 = Release|Any CPU
		{2EEE99F0-E51F-4277-8F10-7E0E37B823FF}.Debug|Any CPU.ActiveCfg = Debug|Any CPU
		{2EEE99F0-E51F-4277-8F10-7E0E37B823FF}.Debug|Any CPU.Build.0 = Debug|Any CPU
		{2EEE99F0-E51F-4277-8F10-7E0E37B823FF}.Release|Any CPU.ActiveCfg = Release|Any CPU
		{2EEE99F0-E51F-4277-8F10-7E0E37B823FF}.Release|Any CPU.Build.0 = Release|Any CPU
		{2B59DA34-9DB4-4702-ADFF-771C8048E41D}.Debug|Any CPU.ActiveCfg = Debug|Any CPU
		{2B59DA34-9DB4-4702-ADFF-771C8048E41D}.Debug|Any CPU.Build.0 = Debug|Any CPU
		{2B59DA34-9DB4-4702-ADFF-771C8048E41D}.Release|Any CPU.ActiveCfg = Release|Any CPU
		{2B59DA34-9DB4-4702-ADFF-771C8048E41D}.Release|Any CPU.Build.0 = Release|Any CPU
	EndGlobalSection
	GlobalSection(SolutionProperties) = preSolution
		HideSolutionNode = FALSE
	EndGlobalSection
	GlobalSection(ExtensibilityGlobals) = postSolution
		SolutionGuid = {8C2E76B4-9211-400E-A6AA-2D7C024685B4}
	EndGlobalSection
EndGlobal
